
Microsoft Visual Studio Solution File, Format Version 12.00
# Visual Studio Version 17
VisualStudioVersion = 17.7.34031.279
MinimumVisualStudioVersion = 10.0.40219.1
Project("{FAE04EC0-301F-11D3-BF4B-00C04F79EFBC}") = "HelloWindowsBILSube1", "HelloWindowsBILSube1\HelloWindowsBILSube1.csproj", "{7350E3DA-5C8C-4735-8BB3-63DF9401138A}"
EndProject
Project("{FAE04EC0-301F-11D3-BF4B-00C04F79EFBC}") = "GameLib", "GameLib\GameLib.csproj", "{9AD6C673-26D2-49BE-9BAE-ACD7256A991A}"
EndProject
Global
	GlobalSection(SolutionConfigurationPlatforms) = preSolution
		Debug|Any CPU = Debug|Any CPU
		Release|Any CPU = Release|Any CPU
	EndGlobalSection
	GlobalSection(ProjectConfigurationPlatforms) = postSolution
		{7350E3DA-5C8C-4735-8BB3-63DF9401138A}.Debug|Any CPU.ActiveCfg = Debug|Any CPU
		{7350E3DA-5C8C-4735-8BB3-63DF9401138A}.Debug|Any CPU.Build.0 = Debug|Any CPU
		{7350E3DA-5C8C-4735-8BB3-63DF9401138A}.Release|Any CPU.ActiveCfg = Release|Any CPU
		{7350E3DA-5C8C-4735-8BB3-63DF9401138A}.Release|Any CPU.Build.0 = Release|Any CPU
		{9AD6C673-26D2-49BE-9BAE-ACD7256A991A}.Debug|Any CPU.ActiveCfg = Debug|Any CPU
		{9AD6C673-26D2-49BE-9BAE-ACD7256A991A}.Debug|Any CPU.Build.0 = Debug|Any CPU
		{9AD6C673-26D2-49BE-9BAE-ACD7256A991A}.Release|Any CPU.ActiveCfg = Release|Any CPU
		{9AD6C673-26D2-49BE-9BAE-ACD7256A991A}.Release|Any CPU.Build.0 = Release|Any CPU
	EndGlobalSection
	GlobalSection(SolutionProperties) = preSolution
		HideSolutionNode = FALSE
	EndGlobalSection
	GlobalSection(ExtensibilityGlobals) = postSolution
		SolutionGuid = {4E704BA4-2175-496B-A867-4C53D32716CF}
	EndGlobalSection
EndGlobal
