
Microsoft Visual Studio Solution File, Format Version 12.00
# Visual Studio Version 17
VisualStudioVersion = 17.7.34031.279
MinimumVisualStudioVersion = 10.0.40219.1
Project("{FAE04EC0-301F-11D3-BF4B-00C04F79EFBC}") = "OkulAppSube1BIL", "OkulAppSube1BIL\OkulAppSube1BIL.csproj", "{59D7057C-E57D-45BB-A20E-84BF2A1B90C3}"
EndProject
Project("{9A19103F-16F7-4668-BE54-9A1E7A4F7556}") = "OkulApp.MODEL", "OkulApp.MODEL\OkulApp.MODEL.csproj", "{DD4A61A6-EC42-49EB-AF59-4016213C09E1}"
EndProject
Project("{FAE04EC0-301F-11D3-BF4B-00C04F79EFBC}") = "OkulApp.BLL", "OkulApp.BLL\OkulApp.BLL.csproj", "{8E6C96B4-D4D3-4E63-8BAF-47732AA97B49}"
EndProject
Project("{FAE04EC0-301F-11D3-BF4B-00C04F79EFBC}") = "DAL", "DAL\DAL.csproj", "{BE0CBCBE-DD3B-4E93-882A-3356FE247E98}"
EndProject
Global
	GlobalSection(SolutionConfigurationPlatforms) = preSolution
		Debug|Any CPU = Debug|Any CPU
		Release|Any CPU = Release|Any CPU
	EndGlobalSection
	GlobalSection(ProjectConfigurationPlatforms) = postSolution
		{59D7057C-E57D-45BB-A20E-84BF2A1B90C3}.Debug|Any CPU.ActiveCfg = Debug|Any CPU
		{59D7057C-E57D-45BB-A20E-84BF2A1B90C3}.Debug|Any CPU.Build.0 = Debug|Any CPU
		{59D7057C-E57D-45BB-A20E-84BF2A1B90C3}.Release|Any CPU.ActiveCfg = Release|Any CPU
		{59D7057C-E57D-45BB-A20E-84BF2A1B90C3}.Release|Any CPU.Build.0 = Release|Any CPU
		{DD4A61A6-EC42-49EB-AF59-4016213C09E1}.Debug|Any CPU.ActiveCfg = Debug|Any CPU
		{DD4A61A6-EC42-49EB-AF59-4016213C09E1}.Debug|Any CPU.Build.0 = Debug|Any CPU
		{DD4A61A6-EC42-49EB-AF59-4016213C09E1}.Release|Any CPU.ActiveCfg = Release|Any CPU
		{DD4A61A6-EC42-49EB-AF59-4016213C09E1}.Release|Any CPU.Build.0 = Release|Any CPU
		{8E6C96B4-D4D3-4E63-8BAF-47732AA97B49}.Debug|Any CPU.ActiveCfg = Debug|Any CPU
		{8E6C96B4-D4D3-4E63-8BAF-47732AA97B49}.Debug|Any CPU.Build.0 = Debug|Any CPU
		{8E6C96B4-D4D3-4E63-8BAF-47732AA97B49}.Release|Any CPU.ActiveCfg = Release|Any CPU
		{8E6C96B4-D4D3-4E63-8BAF-47732AA97B49}.Release|Any CPU.Build.0 = Release|Any CPU
		{BE0CBCBE-DD3B-4E93-882A-3356FE247E98}.Debug|Any CPU.ActiveCfg = Debug|Any CPU
		{BE0CBCBE-DD3B-4E93-882A-3356FE247E98}.Debug|Any CPU.Build.0 = Debug|Any CPU
		{BE0CBCBE-DD3B-4E93-882A-3356FE247E98}.Release|Any CPU.ActiveCfg = Release|Any CPU
		{BE0CBCBE-DD3B-4E93-882A-3356FE247E98}.Release|Any CPU.Build.0 = Release|Any CPU
	EndGlobalSection
	GlobalSection(SolutionProperties) = preSolution
		HideSolutionNode = FALSE
	EndGlobalSection
	GlobalSection(ExtensibilityGlobals) = postSolution
		SolutionGuid = {C97622C4-8D36-4F06-A7D3-E21CA2DC77F1}
	EndGlobalSection
EndGlobal
